
Microsoft Visual Studio Solution File, Format Version 12.00
# Visual Studio Version 16
VisualStudioVersion = 16.0.30907.101
MinimumVisualStudioVersion = 10.0.40219.1
Project("{9A19103F-16F7-4668-BE54-9A1E7A4F7556}") = "DataAccess", "DataAccess\DataAccess.csproj", "{E58125D4-129A-4F5E-8B74-DDED54FA1597}"
EndProject
Project("{9A19103F-16F7-4668-BE54-9A1E7A4F7556}") = "Business", "Business\Business.csproj", "{510B5E77-2579-4583-B97A-AED492D814B3}"
EndProject
Project("{9A19103F-16F7-4668-BE54-9A1E7A4F7556}") = "Entities", "Entities\Entities.csproj", "{9832E5A7-617B-43B2-AD67-B4C0A8CC5075}"
EndProject
Project("{9A19103F-16F7-4668-BE54-9A1E7A4F7556}") = "ConsoleUI", "ConsoleUI\ConsoleUI.csproj", "{500958F4-8AF2-4299-A540-E5AFA3BDBFC1}"
EndProject
Project("{9A19103F-16F7-4668-BE54-9A1E7A4F7556}") = "Core", "Core\Core.csproj", "{A5F51DC2-89D9-4F76-B665-18C68A6E3FF5}"
EndProject
Project("{FAE04EC0-301F-11D3-BF4B-00C04F79EFBC}") = "WebAPI", "WebAPI\WebAPI.csproj", "{6D144B40-488B-4CC5-A954-0058520D78D0}"
EndProject
Global
	GlobalSection(SolutionConfigurationPlatforms) = preSolution
		Debug|Any CPU = Debug|Any CPU
		Release|Any CPU = Release|Any CPU
	EndGlobalSection
	GlobalSection(ProjectConfigurationPlatforms) = postSolution
		{E58125D4-129A-4F5E-8B74-DDED54FA1597}.Debug|Any CPU.ActiveCfg = Debug|Any CPU
		{E58125D4-129A-4F5E-8B74-DDED54FA1597}.Debug|Any CPU.Build.0 = Debug|Any CPU
		{E58125D4-129A-4F5E-8B74-DDED54FA1597}.Release|Any CPU.ActiveCfg = Release|Any CPU
		{E58125D4-129A-4F5E-8B74-DDED54FA1597}.Release|Any CPU.Build.0 = Release|Any CPU
		{510B5E77-2579-4583-B97A-AED492D814B3}.Debug|Any CPU.ActiveCfg = Debug|Any CPU
		{510B5E77-2579-4583-B97A-AED492D814B3}.Debug|Any CPU.Build.0 = Debug|Any CPU
		{510B5E77-2579-4583-B97A-AED492D814B3}.Release|Any CPU.ActiveCfg = Release|Any CPU
		{510B5E77-2579-4583-B97A-AED492D814B3}.Release|Any CPU.Build.0 = Release|Any CPU
		{9832E5A7-617B-43B2-AD67-B4C0A8CC5075}.Debug|Any CPU.ActiveCfg = Debug|Any CPU
		{9832E5A7-617B-43B2-AD67-B4C0A8CC5075}.Debug|Any CPU.Build.0 = Debug|Any CPU
		{9832E5A7-617B-43B2-AD67-B4C0A8CC5075}.Release|Any CPU.ActiveCfg = Release|Any CPU
		{9832E5A7-617B-43B2-AD67-B4C0A8CC5075}.Release|Any CPU.Build.0 = Release|Any CPU
		{500958F4-8AF2-4299-A540-E5AFA3BDBFC1}.Debug|Any CPU.ActiveCfg = Debug|Any CPU
		{500958F4-8AF2-4299-A540-E5AFA3BDBFC1}.Debug|Any CPU.Build.0 = Debug|Any CPU
		{500958F4-8AF2-4299-A540-E5AFA3BDBFC1}.Release|Any CPU.ActiveCfg = Release|Any CPU
		{500958F4-8AF2-4299-A540-E5AFA3BDBFC1}.Release|Any CPU.Build.0 = Release|Any CPU
		{A5F51DC2-89D9-4F76-B665-18C68A6E3FF5}.Debug|Any CPU.ActiveCfg = Debug|Any CPU
		{A5F51DC2-89D9-4F76-B665-18C68A6E3FF5}.Debug|Any CPU.Build.0 = Debug|Any CPU
		{A5F51DC2-89D9-4F76-B665-18C68A6E3FF5}.Release|Any CPU.ActiveCfg = Release|Any CPU
		{A5F51DC2-89D9-4F76-B665-18C68A6E3FF5}.Release|Any CPU.Build.0 = Release|Any CPU
		{6D144B40-488B-4CC5-A954-0058520D78D0}.Debug|Any CPU.ActiveCfg = Debug|Any CPU
		{6D144B40-488B-4CC5-A954-0058520D78D0}.Debug|Any CPU.Build.0 = Debug|Any CPU
		{6D144B40-488B-4CC5-A954-0058520D78D0}.Release|Any CPU.ActiveCfg = Release|Any CPU
		{6D144B40-488B-4CC5-A954-0058520D78D0}.Release|Any CPU.Build.0 = Release|Any CPU
	EndGlobalSection
	GlobalSection(SolutionProperties) = preSolution
		HideSolutionNode = FALSE
	EndGlobalSection
	GlobalSection(ExtensibilityGlobals) = postSolution
		SolutionGuid = {E61AA2A6-824A-44EC-B2EF-6EE5ECD0E4A1}
	EndGlobalSection
EndGlobal
